
Microsoft Visual Studio Solution File, Format Version 12.00
# Visual Studio Version 16
VisualStudioVersion = 16.0.28803.352
MinimumVisualStudioVersion = 10.0.40219.1
Project("{9A19103F-16F7-4668-BE54-9A1E7A4F7556}") = "Z2PPractice", "Z2PPractice\Z2PPractice.csproj", "{A6D8304E-D344-4B7F-942A-9DE07A396ED4}"
EndProject
Project("{FAE04EC0-301F-11D3-BF4B-00C04F79EFBC}") = "UnitTestProject1", "UnitTestProject1\UnitTestProject1.csproj", "{9DC48213-6938-4B15-9C8E-B8A585CB4685}"
EndProject
Global
	GlobalSection(SolutionConfigurationPlatforms) = preSolution
		Debug|Any CPU = Debug|Any CPU
		Release|Any CPU = Release|Any CPU
	EndGlobalSection
	GlobalSection(ProjectConfigurationPlatforms) = postSolution
		{A6D8304E-D344-4B7F-942A-9DE07A396ED4}.Debug|Any CPU.ActiveCfg = Debug|Any CPU
		{A6D8304E-D344-4B7F-942A-9DE07A396ED4}.Debug|Any CPU.Build.0 = Debug|Any CPU
		{A6D8304E-D344-4B7F-942A-9DE07A396ED4}.Release|Any CPU.ActiveCfg = Release|Any CPU
		{A6D8304E-D344-4B7F-942A-9DE07A396ED4}.Release|Any CPU.Build.0 = Release|Any CPU
		{9DC48213-6938-4B15-9C8E-B8A585CB4685}.Debug|Any CPU.ActiveCfg = Debug|Any CPU
		{9DC48213-6938-4B15-9C8E-B8A585CB4685}.Debug|Any CPU.Build.0 = Debug|Any CPU
		{9DC48213-6938-4B15-9C8E-B8A585CB4685}.Release|Any CPU.ActiveCfg = Release|Any CPU
		{9DC48213-6938-4B15-9C8E-B8A585CB4685}.Release|Any CPU.Build.0 = Release|Any CPU
	EndGlobalSection
	GlobalSection(SolutionProperties) = preSolution
		HideSolutionNode = FALSE
	EndGlobalSection
	GlobalSection(ExtensibilityGlobals) = postSolution
		SolutionGuid = {E008FFE5-8AD7-4B73-A4C6-12701B0DA87F}
	EndGlobalSection
EndGlobal
